{
    "name": "highlight-bad-chars",
    "version": "0.0.1",
    "lockfileVersion": 2,
    "requires": true,
    "packages": {
        "": {
            "name": "highlight-bad-chars",
            "version": "0.0.1",
            "license": "MIT",
            "devDependencies": {
                "@types/node": "^16.10.2",
                "@types/vscode": "^1.59.0",
                "typescript": "^4.4.3"
            },
            "engines": {
                "vscode": "^1.59.0"
            }
        },
        "node_modules/@types/node": {
            "version": "16.10.2",
            "resolved": "https://registry.npmjs.org/@types/node/-/node-16.10.2.tgz",
            "integrity": "sha512-zCclL4/rx+W5SQTzFs9wyvvyCwoK9QtBpratqz2IYJ3O8Umrn0m3nsTv0wQBk9sRGpvUe9CwPDrQFB10f1FIjQ==",
            "dev": true
        },
        "node_modules/@types/vscode": {
            "version": "1.60.0",
            "resolved": "https://registry.npmjs.org/@types/vscode/-/vscode-1.60.0.tgz",
            "integrity": "sha512-wZt3VTmzYrgZ0l/3QmEbCq4KAJ71K3/hmMQ/nfpv84oH8e81KKwPEoQ5v8dNCxfHFVJ1JabHKmCvqdYOoVm1Ow==",
            "dev": true
        },
        "node_modules/typescript": {
            "version": "4.4.3",
            "resolved": "https://registry.npmjs.org/typescript/-/typescript-4.4.3.tgz",
            "integrity": "sha512-4xfscpisVgqqDfPaJo5vkd+Qd/ItkoagnHpufr+i2QCHBsNYp+G7UAoyFl8aPtx879u38wPV65rZ8qbGZijalA==",
            "dev": true,
            "bin": {
                "tsc": "bin/tsc",
                "tsserver": "bin/tsserver"
            },
            "engines": {
                "node": ">=4.2.0"
            }
        }
    },
    "dependencies": {
        "@types/node": {
            "version": "16.10.2",
            "resolved": "https://registry.npmjs.org/@types/node/-/node-16.10.2.tgz",
            "integrity": "sha512-zCclL4/rx+W5SQTzFs9wyvvyCwoK9QtBpratqz2IYJ3O8Umrn0m3nsTv0wQBk9sRGpvUe9CwPDrQFB10f1FIjQ==",
            "dev": true
        },
        "@types/vscode": {
            "version": "1.60.0",
            "resolved": "https://registry.npmjs.org/@types/vscode/-/vscode-1.60.0.tgz",
            "integrity": "sha512-wZt3VTmzYrgZ0l/3QmEbCq4KAJ71K3/hmMQ/nfpv84oH8e81KKwPEoQ5v8dNCxfHFVJ1JabHKmCvqdYOoVm1Ow==",
            "dev": true
        },
        "typescript": {
            "version": "4.4.3",
            "resolved": "https://registry.npmjs.org/typescript/-/typescript-4.4.3.tgz",
            "integrity": "sha512-4xfscpisVgqqDfPaJo5vkd+Qd/ItkoagnHpufr+i2QCHBsNYp+G7UAoyFl8aPtx879u38wPV65rZ8qbGZijalA==",
            "dev": true
        }
    }
}
